
Microsoft Visual Studio Solution File, Format Version 12.00
# Visual Studio 15
VisualStudioVersion = 15.0.27130.2036
MinimumVisualStudioVersion = 10.0.40219.1
Project("{FAE04EC0-301F-11D3-BF4B-00C04F79EFBC}") = "Course", "Course\Course.csproj", "{3B560F9B-F8AA-4EC9-9634-4491BAF9E032}"
EndProject
Global
	GlobalSection(SolutionConfigurationPlatforms) = preSolution
		Debug|Any CPU = Debug|Any CPU
		Release|Any CPU = Release|Any CPU
	EndGlobalSection
	GlobalSection(ProjectConfigurationPlatforms) = postSolution
		{3B560F9B-F8AA-4EC9-9634-4491BAF9E032}.Debug|Any CPU.ActiveCfg = Debug|Any CPU
		{3B560F9B-F8AA-4EC9-9634-4491BAF9E032}.Debug|Any CPU.Build.0 = Debug|Any CPU
		{3B560F9B-F8AA-4EC9-9634-4491BAF9E032}.Release|Any CPU.ActiveCfg = Release|Any CPU
		{3B560F9B-F8AA-4EC9-9634-4491BAF9E032}.Release|Any CPU.Build.0 = Release|Any CPU
	EndGlobalSection
	GlobalSection(SolutionProperties) = preSolution
		HideSolutionNode = FALSE
	EndGlobalSection
	GlobalSection(ExtensibilityGlobals) = postSolution
		SolutionGuid = {E761D399-B7B8-4B8A-9A1D-C923093F04F9}
	EndGlobalSection
EndGlobal
